// !$*UTF8*$!
{
	archiveVersion = 1;
	classes = {
	};
	objectVersion = 50;
	objects = {

/* Begin PBXBuildFile section */
		63720A9321015C9800BE915D /* AppDelegate.swift in Sources */ = {isa = PBXBuildFile; fileRef = 63720A9221015C9800BE915D /* AppDelegate.swift */; };
		63720A9521015C9800BE915D /* ViewController.swift in Sources */ = {isa = PBXBuildFile; fileRef = 63720A9421015C9800BE915D /* ViewController.swift */; };
		63720A9821015C9800BE915D /* Main.storyboard in Resources */ = {isa = PBXBuildFile; fileRef = 63720A9621015C9800BE915D /* Main.storyboard */; };
		63720A9A21015C9E00BE915D /* Assets.xcassets in Resources */ = {isa = PBXBuildFile; fileRef = 63720A9921015C9E00BE915D /* Assets.xcassets */; };
		63720A9D21015C9E00BE915D /* LaunchScreen.storyboard in Resources */ = {isa = PBXBuildFile; fileRef = 63720A9B21015C9E00BE915D /* LaunchScreen.storyboard */; };
		637D02E0210AE147001BACBD /* FirstViewController.swift in Sources */ = {isa = PBXBuildFile; fileRef = 637D02DF210AE146001BACBD /* FirstViewController.swift */; };
		637D02E2210AE15A001BACBD /* LastViewController.swift in Sources */ = {isa = PBXBuildFile; fileRef = 637D02E1210AE15A001BACBD /* LastViewController.swift */; };
/* End PBXBuildFile section */

/* Begin PBXFileReference section */
		63720A8F21015C9800BE915D /* KnowledgeTest.app */ = {isa = PBXFileReference; explicitFileType = wrapper.application; includeInIndex = 0; path = KnowledgeTest.app; sourceTree = BUILT_PRODUCTS_DIR; };
		63720A9221015C9800BE915D /* AppDelegate.swift */ = {isa = PBXFileReference; lastKnownFileType = sourcecode.swift; path = AppDelegate.swift; sourceTree = "<group>"; };
		63720A9421015C9800BE915D /* ViewController.swift */ = {isa = PBXFileReference; lastKnownFileType = sourcecode.swift; path = ViewController.swift; sourceTree = "<group>"; };
		63720A9721015C9800BE915D /* Base */ = {isa = PBXFileReference; lastKnownFileType = file.storyboard; name = Base; path = Base.lproj/Main.storyboard; sourceTree = "<group>"; };
		63720A9921015C9E00BE915D /* Assets.xcassets */ = {isa = PBXFileReference; lastKnownFileType = folder.assetcatalog; path = Assets.xcassets; sourceTree = "<group>"; };
		63720A9C21015C9E00BE915D /* Base */ = {isa = PBXFileReference; lastKnownFileType = file.storyboard; name = Base; path = Base.lproj/LaunchScreen.storyboard; sourceTree = "<group>"; };
		63720A9E21015C9E00BE915D /* Info.plist */ = {isa = PBXFileReference; lastKnownFileType = text.plist.xml; path = Info.plist; sourceTree = "<group>"; };
		637D02DF210AE146001BACBD /* FirstViewController.swift */ = {isa = PBXFileReference; lastKnownFileType = sourcecode.swift; path = FirstViewController.swift; sourceTree = "<group>"; };
		637D02E1210AE15A001BACBD /* LastViewController.swift */ = {isa = PBXFileReference; lastKnownFileType = sourcecode.swift; path = LastViewController.swift; sourceTree = "<group>"; };
/* End PBXFileReference section */

/* Begin PBXFrameworksBuildPhase section */
		63720A8C21015C9800BE915D /* Frameworks */ = {
			isa = PBXFrameworksBuildPhase;
			buildActionMask = 2147483647;
			files = (
			);
			runOnlyForDeploymentPostprocessing = 0;
		};
/* End PBXFrameworksBuildPhase section */

/* Begin PBXGroup section */
		63720A8621015C9800BE915D = {
			isa = PBXGroup;
			children = (
				63720A9121015C9800BE915D /* KnowledgeTest */,
				63720A9021015C9800BE915D /* Products */,
			);
			sourceTree = "<group>";
		};
		63720A9021015C9800BE915D /* Products */ = {
			isa = PBXGroup;
			children = (
				63720A8F21015C9800BE915D /* KnowledgeTest.app */,
			);
			name = Products;
			sourceTree = "<group>";
		};
		63720A9121015C9800BE915D /* KnowledgeTest */ = {
			isa = PBXGroup;
			children = (
				637D02DF210AE146001BACBD /* FirstViewController.swift */,
				637D02E1210AE15A001BACBD /* LastViewController.swift */,
				63720A9221015C9800BE915D /* AppDelegate.swift */,
				63720A9421015C9800BE915D /* ViewController.swift */,
				63720A9621015C9800BE915D /* Main.storyboard */,
				63720A9921015C9E00BE915D /* Assets.xcassets */,
				63720A9B21015C9E00BE915D /* LaunchScreen.storyboard */,
				63720A9E21015C9E00BE915D /* Info.plist */,
			);
			path = KnowledgeTest;
			sourceTree = "<group>";
		};
/* End PBXGroup section */

/* Begin PBXNativeTarget section */
		63720A8E21015C9800BE915D /* KnowledgeTest */ = {
			isa = PBXNativeTarget;
			buildConfigurationList = 63720AA121015C9E00BE915D /* Build configuration list for PBXNativeTarget "KnowledgeTest" */;
			buildPhases = (
				63720A8B21015C9800BE915D /* Sources */,
				63720A8C21015C9800BE915D /* Frameworks */,
				63720A8D21015C9800BE915D /* Resources */,
			);
			buildRules = (
			);
			dependencies = (
			);
			name = KnowledgeTest;
			productName = KnowledgeTest;
			productReference = 63720A8F21015C9800BE915D /* KnowledgeTest.app */;
			productType = "com.apple.product-type.application";
		};
/* End PBXNativeTarget section */

/* Begin PBXProject section */
		63720A8721015C9800BE915D /* Project object */ = {
			isa = PBXProject;
			attributes = {
				LastSwiftUpdateCheck = 0940;
				LastUpgradeCheck = 0940;
				ORGANIZATIONNAME = "Jagtar Singh";
				TargetAttributes = {
					63720A8E21015C9800BE915D = {
						CreatedOnToolsVersion = 9.4.1;
					};
				};
			};
			buildConfigurationList = 63720A8A21015C9800BE915D /* Build configuration list for PBXProject "KnowledgeTest" */;
			compatibilityVersion = "Xcode 9.3";
			developmentRegion = en;
			hasScannedForEncodings = 0;
			knownRegions = (
				en,
				Base,
			);
			mainGroup = 63720A8621015C9800BE915D;
			productRefGroup = 63720A9021015C9800BE915D /* Products */;
			projectDirPath = "";
			projectRoot = "";
			targets = (
				63720A8E21015C9800BE915D /* KnowledgeTest */,
			);
		};
/* End PBXProject section */

/* Begin PBXResourcesBuildPhase section */
		63720A8D21015C9800BE915D /* Resources */ = {
			isa = PBXResourcesBuildPhase;
			buildActionMask = 2147483647;
			files = (
				63720A9D21015C9E00BE915D /* LaunchScreen.storyboard in Resources */,
				63720A9A21015C9E00BE915D /* Assets.xcassets in Resources */,
				63720A9821015C9800BE915D /* Main.storyboard in Resources */,
			);
			runOnlyForDeploymentPostprocessing = 0;
		};
/* End PBXResourcesBuildPhase section */

/* Begin PBXSourcesBuildPhase section */
		63720A8B21015C9800BE915D /* Sources */ = {
			isa = PBXSourcesBuildPhase;
			buildActionMask = 2147483647;
			files = (
				63720A9521015C9800BE915D /* ViewController.swift in Sources */,
				637D02E2210AE15A001BACBD /* LastViewController.swift in Sources */,
				63720A9321015C9800BE915D /* AppDelegate.swift in Sources */,
				637D02E0210AE147001BACBD /* FirstViewController.swift in Sources */,
			);
			runOnlyForDeploymentPostprocessing = 0;
		};
/* End PBXSourcesBuildPhase section */

/* Begin PBXVariantGroup section */
		63720A9621015C9800BE915D /* Main.storyboard */ = {
			isa = PBXVariantGroup;
			children = (
				63720A9721015C9800BE915D /* Base */,
			);
			name = Main.storyboard;
			sourceTree = "<group>";
		};
		63720A9B21015C9E00BE915D /* LaunchScreen.storyboard */ = {
			isa = PBXVariantGroup;
			children = (
				63720A9C21015C9E00BE915D /* Base */,
			);
			name = LaunchScreen.storyboard;
			sourceTree = "<group>";
		};
/* End PBXVariantGroup section */

/* Begin XCBuildConfiguration section */
		63720A9F21015C9E00BE915D /* Debug */ = {
			isa = XCBuildConfiguration;
			buildSettings = {
				ALWAYS_SEARCH_USER_PATHS = NO;
				CLANG_ANALYZER_NONNULL = YES;
				CLANG_ANALYZER_NUMBER_OBJECT_CONVERSION = YES_AGGRESSIVE;
				CLANG_CXX_LANGUAGE_STANDARD = "gnu++14";
				CLANG_CXX_LIBRARY = "libc++";
				CLANG_ENABLE_MODULES = YES;
				CLANG_ENABLE_OBJC_ARC = YES;
				CLANG_ENABLE_OBJC_WEAK = YES;
				CLANG_WARN_BLOCK_CAPTURE_AUTORELEASING = YES;
				CLANG_WARN_BOOL_CONVERSION = YES;
				CLANG_WARN_COMMA = YES;
				CLANG_WARN_CONSTANT_CONVERSION = YES;
				CLANG_WARN_DEPRECATED_OBJC_IMPLEMENTATIONS = YES;
				CLANG_WARN_DIRECT_OBJC_ISA_USAGE = YES_ERROR;
				CLANG_WARN_DOCUMENTATION_COMMENTS = YES;
				CLANG_WARN_EMPTY_BODY = YES;
				CLANG_WARN_ENUM_CONVERSION = YES;
				CLANG_WARN_INFINITE_RECURSION = YES;
				CLANG_WARN_INT_CONVERSION = YES;
				CLANG_WARN_NON_LITERAL_NULL_CONVERSION = YES;
				CLANG_WARN_OBJC_IMPLICIT_RETAIN_SELF = YES;
				CLANG_WARN_OBJC_LITERAL_CONVERSION = YES;
				CLANG_WARN_OBJC_ROOT_CLASS = YES_ERROR;
				CLANG_WARN_RANGE_LOOP_ANALYSIS = YES;
				CLANG_WARN_STRICT_PROTOTYPES = YES;
				CLANG_WARN_SUSPICIOUS_MOVE = YES;
				CLANG_WARN_UNGUARDED_AVAILABILITY = YES_AGGRESSIVE;
				CLANG_WARN_UNREACHABLE_CODE = YES;
				CLANG_WARN__DUPLICATE_METHOD_MATCH = YES;
				CODE_SIGN_IDENTITY = "iPhone Developer";
				COPY_PHASE_STRIP = NO;
				DEBUG_INFORMATION_FORMAT = dwarf;
				ENABLE_STRICT_OBJC_MSGSEND = YES;
				ENABLE_TESTABILITY = YES;
				GCC_C_LANGUAGE_STANDARD = gnu11;
				GCC_DYNAMIC_NO_PIC = NO;
				GCC_NO_COMMON_BLOCKS = YES;
				GCC_OPTIMIZATION_LEVEL = 0;
				GCC_PREPROCESSOR_DEFINITIONS = (
					"DEBUG=1",
					"$(inherited)",
				);
				GCC_WARN_64_TO_32_BIT_CONVERSION = YES;
				GCC_WARN_ABOUT_RETURN_TYPE = YES_ERROR;
				GCC_WARN_UNDECLARED_SELECTOR = YES;
				GCC_WARN_UNINITIALIZED_AUTOS = YES_AGGRESSIVE;
				GCC_WARN_UNUSED_FUNCTION = YES;
				GCC_WARN_UNUSED_VARIABLE = YES;
				IPHONEOS_DEPLOYMENT_TARGET = 11.4;
				MTL_ENABLE_DEBUG_INFO = YES;
				ONLY_ACTIVE_ARCH = YES;
				SDKROOT = iphoneos;
				SWIFT_ACTIVE_COMPILATION_CONDITIONS = DEBUG;
				SWIFT_OPTIMIZATION_LEVEL = "-Onone";
			};
			name = Debug;
		};
		63720AA021015C9E00BE915D /* Release */ = {
			isa = XCBuildConfiguration;
			buildSettings = {
				ALWAYS_SEARCH_USER_PATHS = NO;
				CLANG_ANALYZER_NONNULL = YES;
				CLANG_ANALYZER_NUMBER_OBJECT_CONVERSION = YES_AGGRESSIVE;
				CLANG_CXX_LANGUAGE_STANDARD = "gnu++14";
				CLANG_CXX_LIBRARY = "libc++";
				CLANG_ENABLE_MODULES = YES;
				CLANG_ENABLE_OBJC_ARC = YES;
				CLANG_ENABLE_OBJC_WEAK = YES;
				CLANG_WARN_BLOCK_CAPTURE_AUTORELEASING = YES;
				CLANG_WARN_BOOL_CONVERSION = YES;
				CLANG_WARN_COMMA = YES;
				CLANG_WARN_CONSTANT_CONVERSION = YES;
				CLANG_WARN_DEPRECATED_OBJC_IMPLEMENTATIONS = YES;
				CLANG_WARN_DIRECT_OBJC_ISA_USAGE = YES_ERROR;
				CLANG_WARN_DOCUMENTATION_COMMENTS = YES;
				CLANG_WARN_EMPTY_BODY = YES;
				CLANG_WARN_ENUM_CONVERSION = YES;
				CLANG_WARN_INFINITE_RECURSION = YES;
				CLANG_WARN_INT_CONVERSION = YES;
				CLANG_WARN_NON_LITERAL_NULL_CONVERSION = YES;
				CLANG_WARN_OBJC_IMPLICIT_RETAIN_SELF = YES;
				CLANG_WARN_OBJC_LITERAL_CONVERSION = YES;
				CLANG_WARN_OBJC_ROOT_CLASS = YES_ERROR;
				CLANG_WARN_RANGE_LOOP_ANALYSIS = YES;
				CLANG_WARN_STRICT_PROTOTYPES = YES;
				CLANG_WARN_SUSPICIOUS_MOVE = YES;
				CLANG_WARN_UNGUARDED_AVAILABILITY = YES_AGGRESSIVE;
				CLANG_WARN_UNREACHABLE_CODE = YES;
				CLANG_WARN__DUPLICATE_METHOD_MATCH = YES;
				CODE_SIGN_IDENTITY = "iPhone Developer";
				COPY_PHASE_STRIP = NO;
				DEBUG_INFORMATION_FORMAT = "dwarf-with-dsym";
				ENABLE_NS_ASSERTIONS = NO;
				ENABLE_STRICT_OBJC_MSGSEND = YES;
				GCC_C_LANGUAGE_STANDARD = gnu11;
				GCC_NO_COMMON_BLOCKS = YES;
				GCC_WARN_64_TO_32_BIT_CONVERSION = YES;
				GCC_WARN_ABOUT_RETURN_TYPE = YES_ERROR;
				GCC_WARN_UNDECLARED_SELECTOR = YES;
				GCC_WARN_UNINITIALIZED_AUTOS = YES_AGGRESSIVE;
				GCC_WARN_UNUSED_FUNCTION = YES;
				GCC_WARN_UNUSED_VARIABLE = YES;
				IPHONEOS_DEPLOYMENT_TARGET = 11.4;
				MTL_ENABLE_DEBUG_INFO = NO;
				SDKROOT = iphoneos;
				SWIFT_COMPILATION_MODE = wholemodule;
				SWIFT_OPTIMIZATION_LEVEL = "-O";
				VALIDATE_PRODUCT = YES;
			};
			name = Release;
		};
		63720AA221015C9E00BE915D /* Debug */ = {
			isa = XCBuildConfiguration;
			buildSettings = {
				ASSETCATALOG_COMPILER_APPICON_NAME = AppIcon;
				CODE_SIGN_STYLE = Automatic;
				INFOPLIST_FILE = KnowledgeTest/Info.plist;
				LD_RUNPATH_SEARCH_PATHS = (
					"$(inherited)",
					"@executable_path/Frameworks",
				);
				PRODUCT_BUNDLE_IDENTIFIER = jsk.KnowledgeTest;
				PRODUCT_NAME = "$(TARGET_NAME)";
				SWIFT_VERSION = 4.0;
				TARGETED_DEVICE_FAMILY = "1,2";
			};
			name = Debug;
		};
		63720AA321015C9E00BE915D /* Release */ = {
			isa = XCBuildConfiguration;
			buildSettings = {
				ASSETCATALOG_COMPILER_APPICON_NAME = AppIcon;
				CODE_SIGN_STYLE = Automatic;
				INFOPLIST_FILE = KnowledgeTest/Info.plist;
				LD_RUNPATH_SEARCH_PATHS = (
					"$(inherited)",
					"@executable_path/Frameworks",
				);
				PRODUCT_BUNDLE_IDENTIFIER = jsk.KnowledgeTest;
				PRODUCT_NAME = "$(TARGET_NAME)";
				SWIFT_VERSION = 4.0;
				TARGETED_DEVICE_FAMILY = "1,2";
			};
			name = Release;
		};
/* End XCBuildConfiguration section */

/* Begin XCConfigurationList section */
		63720A8A21015C9800BE915D /* Build configuration list for PBXProject "KnowledgeTest" */ = {
			isa = XCConfigurationList;
			buildConfigurations = (
				63720A9F21015C9E00BE915D /* Debug */,
				63720AA021015C9E00BE915D /* Release */,
			);
			defaultConfigurationIsVisible = 0;
			defaultConfigurationName = Release;
		};
		63720AA121015C9E00BE915D /* Build configuration list for PBXNativeTarget "KnowledgeTest" */ = {
			isa = XCConfigurationList;
			buildConfigurations = (
				63720AA221015C9E00BE915D /* Debug */,
				63720AA321015C9E00BE915D /* Release */,
			);
			defaultConfigurationIsVisible = 0;
			defaultConfigurationName = Release;
		};
/* End XCConfigurationList section */
	};
	rootObject = 63720A8721015C9800BE915D /* Project object */;
}
